# This file is automatically @generated by Cargo.
# It is not intended for manual editing.
[[package]]
name = "common"
version = "0.1.0"

[[package]]
name = "sd3_arm11"
version = "0.1.0"
dependencies = [
 "common 0.1.0",
 "volatile 0.2.6 (registry+https://github.com/rust-lang/crates.io-index)",
]

[[package]]
name = "volatile"
version = "0.2.6"
source = "registry+https://github.com/rust-lang/crates.io-index"

[metadata]
"checksum volatile 0.2.6 (registry+https://github.com/rust-lang/crates.io-index)" = "6af0edf5b4faacc31fc51159244d78d65ec580f021afcef7bd53c04aeabc7f29"
